{
  "name": "@ddu6/item",
  "version": "0.0.7",
  "lockfileVersion": 2,
  "requires": true,
  "packages": {
    "": {
      "name": "@ddu6/item",
      "version": "0.0.7",
      "license": "MIT",
      "dependencies": {
        "@ddu6/stc": "^0.5.2"
      },
      "engines": {
        "node": ">=14.0.0",
        "npm": ">=8.0.0"
      }
    },
    "node_modules/@ddu6/stc": {
      "version": "0.5.2",
      "resolved": "https://registry.npmjs.org/@ddu6/stc/-/stc-0.5.2.tgz",
      "integrity": "sha512-2oHCfBYQTXrujbgppgb15vFPakdiJsSySB4cx7ImiorYRqWv6rDlM1jXP6nxGGz4zsMRdYe0ernigpckaMiz9A==",
      "dependencies": {
        "stce": "^0.0.9",
        "stdn": "^0.2.6",
        "ston": "^0.2.3"
      },
      "engines": {
        "node": ">=14.0.0",
        "npm": ">=8.0.0"
      }
    },
    "node_modules/stce": {
      "version": "0.0.9",
      "resolved": "https://registry.npmjs.org/stce/-/stce-0.0.9.tgz",
      "integrity": "sha512-EQ5W4/iwwepkpwP00rldOha78JDp+385V7YFLVx20tCcuV82a6XNebs5PPMDR5OjwRX67nWxml9112tEkxj+dw==",
      "engines": {
        "node": ">=14.0.0",
        "npm": ">=8.0.0"
      }
    },
    "node_modules/stdn": {
      "version": "0.2.6",
      "resolved": "https://registry.npmjs.org/stdn/-/stdn-0.2.6.tgz",
      "integrity": "sha512-CnM7aTAZr8jR1hTvOZ6r89arPgGKKO6Uux7cfqLAW+7Cel/S8XQpW9f0788ma8KMBrUJYgO55yXvsUgo56bq0w==",
      "dependencies": {
        "ston": "^0.2.3"
      },
      "engines": {
        "node": ">=14.0.0",
        "npm": ">=8.0.0"
      }
    },
    "node_modules/ston": {
      "version": "0.2.3",
      "resolved": "https://registry.npmjs.org/ston/-/ston-0.2.3.tgz",
      "integrity": "sha512-UZryEHTTCML/0PbEusPy7DfsSlyzlLKdgVqkp/0GHmqKuPmpEy6DhK6oa3/wRnH5x9LOUYtfDZY8tI0V1D2HeQ==",
      "engines": {
        "node": ">=14.0.0",
        "npm": ">=8.0.0"
      }
    }
  },
  "dependencies": {
    "@ddu6/stc": {
      "version": "0.5.2",
      "resolved": "https://registry.npmjs.org/@ddu6/stc/-/stc-0.5.2.tgz",
      "integrity": "sha512-2oHCfBYQTXrujbgppgb15vFPakdiJsSySB4cx7ImiorYRqWv6rDlM1jXP6nxGGz4zsMRdYe0ernigpckaMiz9A==",
      "requires": {
        "stce": "^0.0.9",
        "stdn": "^0.2.6",
        "ston": "^0.2.3"
      }
    },
    "stce": {
      "version": "0.0.9",
      "resolved": "https://registry.npmjs.org/stce/-/stce-0.0.9.tgz",
      "integrity": "sha512-EQ5W4/iwwepkpwP00rldOha78JDp+385V7YFLVx20tCcuV82a6XNebs5PPMDR5OjwRX67nWxml9112tEkxj+dw=="
    },
    "stdn": {
      "version": "0.2.6",
      "resolved": "https://registry.npmjs.org/stdn/-/stdn-0.2.6.tgz",
      "integrity": "sha512-CnM7aTAZr8jR1hTvOZ6r89arPgGKKO6Uux7cfqLAW+7Cel/S8XQpW9f0788ma8KMBrUJYgO55yXvsUgo56bq0w==",
      "requires": {
        "ston": "^0.2.3"
      }
    },
    "ston": {
      "version": "0.2.3",
      "resolved": "https://registry.npmjs.org/ston/-/ston-0.2.3.tgz",
      "integrity": "sha512-UZryEHTTCML/0PbEusPy7DfsSlyzlLKdgVqkp/0GHmqKuPmpEy6DhK6oa3/wRnH5x9LOUYtfDZY8tI0V1D2HeQ=="
    }
  }
}
